# This file is automatically @generated by Cargo.
# It is not intended for manual editing.
version = 3

[[package]]
name = "gapbuffer"
version = "0.1.1"
source = "registry+https://github.com/rust-lang/crates.io-index"
checksum = "3e929b3ff01e4accdce7f5596a044890b5052ab7418ba8ce9ce5865d26ae4417"

[[package]]
name = "segment-colouring"
version = "0.1.0"
dependencies = [
 "gapbuffer",
]
